
Microsoft Visual Studio Solution File, Format Version 12.00
# Visual Studio 15
VisualStudioVersion = 15.0.27703.2042
MinimumVisualStudioVersion = 10.0.40219.1
Project("{FAE04EC0-301F-11D3-BF4B-00C04F79EFBC}") = "ConsoleApp1", "ConsoleApp1\ConsoleApp1.csproj", "{ECCA5BBC-BC44-4F09-AAD8-54C11D2015B8}"
EndProject
Global
	GlobalSection(SolutionConfigurationPlatforms) = preSolution
		Debug|Any CPU = Debug|Any CPU
		Release|Any CPU = Release|Any CPU
	EndGlobalSection
	GlobalSection(ProjectConfigurationPlatforms) = postSolution
		{ECCA5BBC-BC44-4F09-AAD8-54C11D2015B8}.Debug|Any CPU.ActiveCfg = Debug|Any CPU
		{ECCA5BBC-BC44-4F09-AAD8-54C11D2015B8}.Debug|Any CPU.Build.0 = Debug|Any CPU
		{ECCA5BBC-BC44-4F09-AAD8-54C11D2015B8}.Release|Any CPU.ActiveCfg = Release|Any CPU
		{ECCA5BBC-BC44-4F09-AAD8-54C11D2015B8}.Release|Any CPU.Build.0 = Release|Any CPU
	EndGlobalSection
	GlobalSection(SolutionProperties) = preSolution
		HideSolutionNode = FALSE
	EndGlobalSection
	GlobalSection(ExtensibilityGlobals) = postSolution
		SolutionGuid = {9D239DD4-E24E-4154-82F6-7DF493A88415}
	EndGlobalSection
EndGlobal
